
Microsoft Visual Studio Solution File, Format Version 12.00
# Visual Studio Version 17
VisualStudioVersion = 17.11.35219.272
MinimumVisualStudioVersion = 10.0.40219.1
Project("{FAE04EC0-301F-11D3-BF4B-00C04F79EFBC}") = "Labb 1 - Avancerad fullstackutveckling", "Labb 1 - Avancerad fullstackutveckling.csproj", "{1FD9F1A1-BDCA-46F5-9B8A-FFC6D0F1C707}"
EndProject
Global
	GlobalSection(SolutionConfigurationPlatforms) = preSolution
		Debug|Any CPU = Debug|Any CPU
		Release|Any CPU = Release|Any CPU
	EndGlobalSection
	GlobalSection(ProjectConfigurationPlatforms) = postSolution
		{1FD9F1A1-BDCA-46F5-9B8A-FFC6D0F1C707}.Debug|Any CPU.ActiveCfg = Debug|Any CPU
		{1FD9F1A1-BDCA-46F5-9B8A-FFC6D0F1C707}.Debug|Any CPU.Build.0 = Debug|Any CPU
		{1FD9F1A1-BDCA-46F5-9B8A-FFC6D0F1C707}.Release|Any CPU.ActiveCfg = Release|Any CPU
		{1FD9F1A1-BDCA-46F5-9B8A-FFC6D0F1C707}.Release|Any CPU.Build.0 = Release|Any CPU
	EndGlobalSection
	GlobalSection(SolutionProperties) = preSolution
		HideSolutionNode = FALSE
	EndGlobalSection
	GlobalSection(ExtensibilityGlobals) = postSolution
		SolutionGuid = {DC8D0ADB-D2A2-42AD-8A3D-671CE52DB09A}
	EndGlobalSection
EndGlobal
